
Microsoft Visual Studio Solution File, Format Version 12.00
# Visual Studio Version 17
VisualStudioVersion = 17.9.34310.174
MinimumVisualStudioVersion = 10.0.40219.1
Project("{FAE04EC0-301F-11D3-BF4B-00C04F79EFBC}") = "APIHorario", "APIHorario.csproj", "{ED85C771-6535-4F05-88CF-55ACC4D1E3D6}"
EndProject
Global
	GlobalSection(SolutionConfigurationPlatforms) = preSolution
		Debug|Any CPU = Debug|Any CPU
		Release|Any CPU = Release|Any CPU
	EndGlobalSection
	GlobalSection(ProjectConfigurationPlatforms) = postSolution
		{ED85C771-6535-4F05-88CF-55ACC4D1E3D6}.Debug|Any CPU.ActiveCfg = Debug|Any CPU
		{ED85C771-6535-4F05-88CF-55ACC4D1E3D6}.Debug|Any CPU.Build.0 = Debug|Any CPU
		{ED85C771-6535-4F05-88CF-55ACC4D1E3D6}.Release|Any CPU.ActiveCfg = Release|Any CPU
		{ED85C771-6535-4F05-88CF-55ACC4D1E3D6}.Release|Any CPU.Build.0 = Release|Any CPU
	EndGlobalSection
	GlobalSection(SolutionProperties) = preSolution
		HideSolutionNode = FALSE
	EndGlobalSection
	GlobalSection(ExtensibilityGlobals) = postSolution
		SolutionGuid = {BF2EA355-FFA8-4A32-8584-145EEE85E7BA}
	EndGlobalSection
EndGlobal
